
Microsoft Visual Studio Solution File, Format Version 12.00
# Visual Studio Version 16
VisualStudioVersion = 16.0.31402.337
MinimumVisualStudioVersion = 10.0.40219.1
Project("{2150E333-8FDC-42A3-9474-1A3956D46DE8}") = "src", "src", "{B1541763-7649-4C16-98C7-B079514AA70E}"
EndProject
Project("{9A19103F-16F7-4668-BE54-9A1E7A4F7556}") = "MonumentMlyn.DAL", "src\MonumentMlyn.DAL\MonumentMlyn.DAL.csproj", "{00ED4145-4AAE-4C56-91D8-E71310F81EB5}"
EndProject
Project("{9A19103F-16F7-4668-BE54-9A1E7A4F7556}") = "MonumentMlyn.BLL", "src\MonumentMlyn.BLL\MonumentMlyn.BLL.csproj", "{E45E0D4F-D5B2-44E3-A829-1E495849D048}"
EndProject
Project("{9A19103F-16F7-4668-BE54-9A1E7A4F7556}") = "MonumentMlyn.WebUI", "src\MonumentMlyn.WebUI\MonumentMlyn.WebUI.csproj", "{0DCFC84B-7387-430C-85B1-0524E512DFF5}"
EndProject
Global
	GlobalSection(SolutionConfigurationPlatforms) = preSolution
		Debug|Any CPU = Debug|Any CPU
		Release|Any CPU = Release|Any CPU
	EndGlobalSection
	GlobalSection(ProjectConfigurationPlatforms) = postSolution
		{00ED4145-4AAE-4C56-91D8-E71310F81EB5}.Debug|Any CPU.ActiveCfg = Debug|Any CPU
		{00ED4145-4AAE-4C56-91D8-E71310F81EB5}.Debug|Any CPU.Build.0 = Debug|Any CPU
		{00ED4145-4AAE-4C56-91D8-E71310F81EB5}.Release|Any CPU.ActiveCfg = Release|Any CPU
		{00ED4145-4AAE-4C56-91D8-E71310F81EB5}.Release|Any CPU.Build.0 = Release|Any CPU
		{E45E0D4F-D5B2-44E3-A829-1E495849D048}.Debug|Any CPU.ActiveCfg = Debug|Any CPU
		{E45E0D4F-D5B2-44E3-A829-1E495849D048}.Debug|Any CPU.Build.0 = Debug|Any CPU
		{E45E0D4F-D5B2-44E3-A829-1E495849D048}.Release|Any CPU.ActiveCfg = Release|Any CPU
		{E45E0D4F-D5B2-44E3-A829-1E495849D048}.Release|Any CPU.Build.0 = Release|Any CPU
		{0DCFC84B-7387-430C-85B1-0524E512DFF5}.Debug|Any CPU.ActiveCfg = Debug|Any CPU
		{0DCFC84B-7387-430C-85B1-0524E512DFF5}.Debug|Any CPU.Build.0 = Debug|Any CPU
		{0DCFC84B-7387-430C-85B1-0524E512DFF5}.Release|Any CPU.ActiveCfg = Release|Any CPU
		{0DCFC84B-7387-430C-85B1-0524E512DFF5}.Release|Any CPU.Build.0 = Release|Any CPU
	EndGlobalSection
	GlobalSection(SolutionProperties) = preSolution
		HideSolutionNode = FALSE
	EndGlobalSection
	GlobalSection(NestedProjects) = preSolution
		{00ED4145-4AAE-4C56-91D8-E71310F81EB5} = {B1541763-7649-4C16-98C7-B079514AA70E}
		{E45E0D4F-D5B2-44E3-A829-1E495849D048} = {B1541763-7649-4C16-98C7-B079514AA70E}
		{0DCFC84B-7387-430C-85B1-0524E512DFF5} = {B1541763-7649-4C16-98C7-B079514AA70E}
	EndGlobalSection
	GlobalSection(ExtensibilityGlobals) = postSolution
		SolutionGuid = {E5C4432F-ED96-4D39-9172-A9DEEB8C9E51}
	EndGlobalSection
EndGlobal
